// !$*UTF8*$!
{
	archiveVersion = 1;
	classes = {
	};
	objectVersion = 52;
	objects = {

/* Begin PBXBuildFile section */
		A62F72E724A27C6400B4586F /* Tests_iOS.swift in Sources */ = {isa = PBXBuildFile; fileRef = A62F72E624A27C6400B4586F /* Tests_iOS.swift */; };
		A62F72F224A27C6400B4586F /* Tests_macOS.swift in Sources */ = {isa = PBXBuildFile; fileRef = A62F72F124A27C6400B4586F /* Tests_macOS.swift */; };
		A62F72F424A27C6400B4586F /* sanntidsappenApp.swift in Sources */ = {isa = PBXBuildFile; fileRef = A62F72CB24A27C6300B4586F /* sanntidsappenApp.swift */; };
		A62F72F524A27C6400B4586F /* sanntidsappenApp.swift in Sources */ = {isa = PBXBuildFile; fileRef = A62F72CB24A27C6300B4586F /* sanntidsappenApp.swift */; };
		A62F72F624A27C6400B4586F /* MainView.swift in Sources */ = {isa = PBXBuildFile; fileRef = A62F72CC24A27C6300B4586F /* MainView.swift */; };
		A62F72F724A27C6400B4586F /* MainView.swift in Sources */ = {isa = PBXBuildFile; fileRef = A62F72CC24A27C6300B4586F /* MainView.swift */; };
		A62F72F824A27C6400B4586F /* Assets.xcassets in Resources */ = {isa = PBXBuildFile; fileRef = A62F72CD24A27C6400B4586F /* Assets.xcassets */; };
		A62F72F924A27C6400B4586F /* Assets.xcassets in Resources */ = {isa = PBXBuildFile; fileRef = A62F72CD24A27C6400B4586F /* Assets.xcassets */; };
		A62F730924A27E9B00B4586F /* DepartureView.swift in Sources */ = {isa = PBXBuildFile; fileRef = A62F730824A27E9B00B4586F /* DepartureView.swift */; };
		A62F730A24A27E9B00B4586F /* DepartureView.swift in Sources */ = {isa = PBXBuildFile; fileRef = A62F730824A27E9B00B4586F /* DepartureView.swift */; };
		A62F730D24A2921000B4586F /* Departure.swift in Sources */ = {isa = PBXBuildFile; fileRef = A62F730C24A2921000B4586F /* Departure.swift */; };
		A62F730E24A2921000B4586F /* Departure.swift in Sources */ = {isa = PBXBuildFile; fileRef = A62F730C24A2921000B4586F /* Departure.swift */; };
		A62F731024A2929100B4586F /* DepartureCell.swift in Sources */ = {isa = PBXBuildFile; fileRef = A62F730F24A2929100B4586F /* DepartureCell.swift */; };
		A62F731124A2929100B4586F /* DepartureCell.swift in Sources */ = {isa = PBXBuildFile; fileRef = A62F730F24A2929100B4586F /* DepartureCell.swift */; };
		A62F731924A2936A00B4586F /* StopCell.swift in Sources */ = {isa = PBXBuildFile; fileRef = A62F731824A2936A00B4586F /* StopCell.swift */; };
		A62F731A24A2936A00B4586F /* StopCell.swift in Sources */ = {isa = PBXBuildFile; fileRef = A62F731824A2936A00B4586F /* StopCell.swift */; };
		A6569A0A24A9E1C200416514 /* CurrentActiveStop.swift in Sources */ = {isa = PBXBuildFile; fileRef = A6569A0924A9E1C200416514 /* CurrentActiveStop.swift */; };
		A6569A0C24A9FAEC00416514 /* NavigationSearchBar.swift in Sources */ = {isa = PBXBuildFile; fileRef = A6569A0B24A9FAEC00416514 /* NavigationSearchBar.swift */; };
		A6569A0F24A9FCA100416514 /* View+keyboard.swift in Sources */ = {isa = PBXBuildFile; fileRef = A6569A0E24A9FCA100416514 /* View+keyboard.swift */; };
		A6569A1124A9FF3700416514 /* SearchResultCell.swift in Sources */ = {isa = PBXBuildFile; fileRef = A6569A1024A9FF3700416514 /* SearchResultCell.swift */; };
		A6569A1224A9FF3700416514 /* SearchResultCell.swift in Sources */ = {isa = PBXBuildFile; fileRef = A6569A1024A9FF3700416514 /* SearchResultCell.swift */; };
		A6569A1424AA048A00416514 /* SearchStore.swift in Sources */ = {isa = PBXBuildFile; fileRef = A6569A1324AA048A00416514 /* SearchStore.swift */; };
		A6569A1524AA048A00416514 /* SearchStore.swift in Sources */ = {isa = PBXBuildFile; fileRef = A6569A1324AA048A00416514 /* SearchStore.swift */; };
		A6569A1A24AA216200416514 /* MainViewContent.swift in Sources */ = {isa = PBXBuildFile; fileRef = A6569A1924AA216200416514 /* MainViewContent.swift */; };
		A6569A1C24AA226300416514 /* SearchResultView.swift in Sources */ = {isa = PBXBuildFile; fileRef = A6569A1B24AA226300416514 /* SearchResultView.swift */; };
		A6569A3224AA282800416514 /* EnTurAPI.swift in Sources */ = {isa = PBXBuildFile; fileRef = A6569A3124AA282800416514 /* EnTurAPI.swift */; };
		A67FAAA024AB367D0029BB8B /* Journey.swift in Sources */ = {isa = PBXBuildFile; fileRef = A67FAA9C24AB367D0029BB8B /* Journey.swift */; };
		A67FAAA124AB367D0029BB8B /* Journey.swift in Sources */ = {isa = PBXBuildFile; fileRef = A67FAA9C24AB367D0029BB8B /* Journey.swift */; };
		A67FAAA224AB367D0029BB8B /* StopRegisterData.swift in Sources */ = {isa = PBXBuildFile; fileRef = A67FAA9D24AB367D0029BB8B /* StopRegisterData.swift */; };
		A67FAAA324AB367D0029BB8B /* StopRegisterData.swift in Sources */ = {isa = PBXBuildFile; fileRef = A67FAA9D24AB367D0029BB8B /* StopRegisterData.swift */; };
		A67FAAAF24AB556A0029BB8B /* HaversineDistance in Frameworks */ = {isa = PBXBuildFile; productRef = A67FAAAE24AB556A0029BB8B /* HaversineDistance */; };
		A67FAAB624AB6BEB0029BB8B /* Color+Sanntidsappen.swift in Sources */ = {isa = PBXBuildFile; fileRef = A67FAAB524AB6BEB0029BB8B /* Color+Sanntidsappen.swift */; };
		A67FAAB824AB72A00029BB8B /* Colors.xcassets in Resources */ = {isa = PBXBuildFile; fileRef = A67FAAB724AB72A00029BB8B /* Colors.xcassets */; };
		A6C635A824ACEDB100123464 /* Quay.swift in Sources */ = {isa = PBXBuildFile; fileRef = A6C635A724ACEDB100123464 /* Quay.swift */; };
		A6C635A924ACEDB100123464 /* Quay.swift in Sources */ = {isa = PBXBuildFile; fileRef = A6C635A724ACEDB100123464 /* Quay.swift */; };
		A6C635AB24ACEDD900123464 /* StopPlaceResponse.swift in Sources */ = {isa = PBXBuildFile; fileRef = A6C635AA24ACEDD900123464 /* StopPlaceResponse.swift */; };
		A6C635AC24ACEDD900123464 /* StopPlaceResponse.swift in Sources */ = {isa = PBXBuildFile; fileRef = A6C635AA24ACEDD900123464 /* StopPlaceResponse.swift */; };
		A6E2FD2B24ABE86700E2E972 /* Stop.swift in Sources */ = {isa = PBXBuildFile; fileRef = A6E2FD2A24ABE86700E2E972 /* Stop.swift */; };
		A6E2FD2C24ABE86700E2E972 /* Stop.swift in Sources */ = {isa = PBXBuildFile; fileRef = A6E2FD2A24ABE86700E2E972 /* Stop.swift */; };
/* End PBXBuildFile section */

/* Begin PBXContainerItemProxy section */
		A62F72E324A27C6400B4586F /* PBXContainerItemProxy */ = {
			isa = PBXContainerItemProxy;
			containerPortal = A62F72C624A27C6300B4586F /* Project object */;
			proxyType = 1;
			remoteGlobalIDString = A62F72D124A27C6400B4586F;
			remoteInfo = iOS;
		};
		A62F72EE24A27C6400B4586F /* PBXContainerItemProxy */ = {
			isa = PBXContainerItemProxy;
			containerPortal = A62F72C624A27C6300B4586F /* Project object */;
			proxyType = 1;
			remoteGlobalIDString = A62F72D924A27C6400B4586F;
			remoteInfo = macOS;
		};
/* End PBXContainerItemProxy section */

/* Begin PBXFileReference section */
		A62F72CB24A27C6300B4586F /* sanntidsappenApp.swift */ = {isa = PBXFileReference; lastKnownFileType = sourcecode.swift; path = sanntidsappenApp.swift; sourceTree = "<group>"; };
		A62F72CC24A27C6300B4586F /* MainView.swift */ = {isa = PBXFileReference; lastKnownFileType = sourcecode.swift; path = MainView.swift; sourceTree = "<group>"; };
		A62F72CD24A27C6400B4586F /* Assets.xcassets */ = {isa = PBXFileReference; lastKnownFileType = folder.assetcatalog; path = Assets.xcassets; sourceTree = "<group>"; };
		A62F72D224A27C6400B4586F /* sanntidsappen.app */ = {isa = PBXFileReference; explicitFileType = wrapper.application; includeInIndex = 0; path = sanntidsappen.app; sourceTree = BUILT_PRODUCTS_DIR; };
		A62F72D524A27C6400B4586F /* Info.plist */ = {isa = PBXFileReference; lastKnownFileType = text.plist.xml; path = Info.plist; sourceTree = "<group>"; };
		A62F72DA24A27C6400B4586F /* sanntidsappen.app */ = {isa = PBXFileReference; explicitFileType = wrapper.application; includeInIndex = 0; path = sanntidsappen.app; sourceTree = BUILT_PRODUCTS_DIR; };
		A62F72DC24A27C6400B4586F /* Info.plist */ = {isa = PBXFileReference; lastKnownFileType = text.plist.xml; path = Info.plist; sourceTree = "<group>"; };
		A62F72DD24A27C6400B4586F /* macOS.entitlements */ = {isa = PBXFileReference; lastKnownFileType = text.plist.entitlements; path = macOS.entitlements; sourceTree = "<group>"; };
		A62F72E224A27C6400B4586F /* Tests iOS.xctest */ = {isa = PBXFileReference; explicitFileType = wrapper.cfbundle; includeInIndex = 0; path = "Tests iOS.xctest"; sourceTree = BUILT_PRODUCTS_DIR; };
		A62F72E624A27C6400B4586F /* Tests_iOS.swift */ = {isa = PBXFileReference; lastKnownFileType = sourcecode.swift; path = Tests_iOS.swift; sourceTree = "<group>"; };
		A62F72E824A27C6400B4586F /* Info.plist */ = {isa = PBXFileReference; lastKnownFileType = text.plist.xml; path = Info.plist; sourceTree = "<group>"; };
		A62F72ED24A27C6400B4586F /* Tests macOS.xctest */ = {isa = PBXFileReference; explicitFileType = wrapper.cfbundle; includeInIndex = 0; path = "Tests macOS.xctest"; sourceTree = BUILT_PRODUCTS_DIR; };
		A62F72F124A27C6400B4586F /* Tests_macOS.swift */ = {isa = PBXFileReference; lastKnownFileType = sourcecode.swift; path = Tests_macOS.swift; sourceTree = "<group>"; };
		A62F72F324A27C6400B4586F /* Info.plist */ = {isa = PBXFileReference; lastKnownFileType = text.plist.xml; path = Info.plist; sourceTree = "<group>"; };
		A62F730824A27E9B00B4586F /* DepartureView.swift */ = {isa = PBXFileReference; lastKnownFileType = sourcecode.swift; path = DepartureView.swift; sourceTree = "<group>"; };
		A62F730C24A2921000B4586F /* Departure.swift */ = {isa = PBXFileReference; lastKnownFileType = sourcecode.swift; path = Departure.swift; sourceTree = "<group>"; };
		A62F730F24A2929100B4586F /* DepartureCell.swift */ = {isa = PBXFileReference; lastKnownFileType = sourcecode.swift; path = DepartureCell.swift; sourceTree = "<group>"; };
		A62F731824A2936A00B4586F /* StopCell.swift */ = {isa = PBXFileReference; lastKnownFileType = sourcecode.swift; path = StopCell.swift; sourceTree = "<group>"; };
		A6569A0924A9E1C200416514 /* CurrentActiveStop.swift */ = {isa = PBXFileReference; lastKnownFileType = sourcecode.swift; path = CurrentActiveStop.swift; sourceTree = "<group>"; };
		A6569A0B24A9FAEC00416514 /* NavigationSearchBar.swift */ = {isa = PBXFileReference; lastKnownFileType = sourcecode.swift; path = NavigationSearchBar.swift; sourceTree = "<group>"; };
		A6569A0E24A9FCA100416514 /* View+keyboard.swift */ = {isa = PBXFileReference; lastKnownFileType = sourcecode.swift; path = "View+keyboard.swift"; sourceTree = "<group>"; };
		A6569A1024A9FF3700416514 /* SearchResultCell.swift */ = {isa = PBXFileReference; lastKnownFileType = sourcecode.swift; path = SearchResultCell.swift; sourceTree = "<group>"; };
		A6569A1324AA048A00416514 /* SearchStore.swift */ = {isa = PBXFileReference; lastKnownFileType = sourcecode.swift; path = SearchStore.swift; sourceTree = "<group>"; };
		A6569A1924AA216200416514 /* MainViewContent.swift */ = {isa = PBXFileReference; lastKnownFileType = sourcecode.swift; path = MainViewContent.swift; sourceTree = "<group>"; };
		A6569A1B24AA226300416514 /* SearchResultView.swift */ = {isa = PBXFileReference; lastKnownFileType = sourcecode.swift; path = SearchResultView.swift; sourceTree = "<group>"; };
		A6569A3124AA282800416514 /* EnTurAPI.swift */ = {isa = PBXFileReference; fileEncoding = 4; lastKnownFileType = sourcecode.swift; path = EnTurAPI.swift; sourceTree = "<group>"; };
		A67FAA9C24AB367D0029BB8B /* Journey.swift */ = {isa = PBXFileReference; fileEncoding = 4; lastKnownFileType = sourcecode.swift; path = Journey.swift; sourceTree = "<group>"; };
		A67FAA9D24AB367D0029BB8B /* StopRegisterData.swift */ = {isa = PBXFileReference; fileEncoding = 4; lastKnownFileType = sourcecode.swift; path = StopRegisterData.swift; sourceTree = "<group>"; };
		A67FAAB524AB6BEB0029BB8B /* Color+Sanntidsappen.swift */ = {isa = PBXFileReference; lastKnownFileType = sourcecode.swift; path = "Color+Sanntidsappen.swift"; sourceTree = "<group>"; };
		A67FAAB724AB72A00029BB8B /* Colors.xcassets */ = {isa = PBXFileReference; lastKnownFileType = folder.assetcatalog; path = Colors.xcassets; sourceTree = "<group>"; };
		A6C635A724ACEDB100123464 /* Quay.swift */ = {isa = PBXFileReference; lastKnownFileType = sourcecode.swift; path = Quay.swift; sourceTree = "<group>"; };
		A6C635AA24ACEDD900123464 /* StopPlaceResponse.swift */ = {isa = PBXFileReference; lastKnownFileType = sourcecode.swift; path = StopPlaceResponse.swift; sourceTree = "<group>"; };
		A6E2FD2A24ABE86700E2E972 /* Stop.swift */ = {isa = PBXFileReference; lastKnownFileType = sourcecode.swift; path = Stop.swift; sourceTree = "<group>"; };
/* End PBXFileReference section */

/* Begin PBXFrameworksBuildPhase section */
		A62F72CF24A27C6400B4586F /* Frameworks */ = {
			isa = PBXFrameworksBuildPhase;
			buildActionMask = 2147483647;
			files = (
				A67FAAAF24AB556A0029BB8B /* HaversineDistance in Frameworks */,
			);
			runOnlyForDeploymentPostprocessing = 0;
		};
		A62F72D724A27C6400B4586F /* Frameworks */ = {
			isa = PBXFrameworksBuildPhase;
			buildActionMask = 2147483647;
			files = (
			);
			runOnlyForDeploymentPostprocessing = 0;
		};
		A62F72DF24A27C6400B4586F /* Frameworks */ = {
			isa = PBXFrameworksBuildPhase;
			buildActionMask = 2147483647;
			files = (
			);
			runOnlyForDeploymentPostprocessing = 0;
		};
		A62F72EA24A27C6400B4586F /* Frameworks */ = {
			isa = PBXFrameworksBuildPhase;
			buildActionMask = 2147483647;
			files = (
			);
			runOnlyForDeploymentPostprocessing = 0;
		};
/* End PBXFrameworksBuildPhase section */

/* Begin PBXGroup section */
		A62F72C524A27C6300B4586F = {
			isa = PBXGroup;
			children = (
				A62F72CA24A27C6300B4586F /* Shared */,
				A62F72D424A27C6400B4586F /* iOS */,
				A62F72DB24A27C6400B4586F /* macOS */,
				A62F72E524A27C6400B4586F /* Tests iOS */,
				A62F72F024A27C6400B4586F /* Tests macOS */,
				A62F72D324A27C6400B4586F /* Products */,
			);
			sourceTree = "<group>";
		};
		A62F72CA24A27C6300B4586F /* Shared */ = {
			isa = PBXGroup;
			children = (
				A62F72CD24A27C6400B4586F /* Assets.xcassets */,
				A67FAAB724AB72A00029BB8B /* Colors.xcassets */,
				A62F72CB24A27C6300B4586F /* sanntidsappenApp.swift */,
				A6569A0624A9DDEA00416514 /* Cells */,
				A62F730B24A2920300B4586F /* Models */,
				A6569A0D24A9FC8E00416514 /* Utilities */,
				A62F72CC24A27C6300B4586F /* MainView.swift */,
				A6569A1924AA216200416514 /* MainViewContent.swift */,
				A62F730824A27E9B00B4586F /* DepartureView.swift */,
				A6569A0B24A9FAEC00416514 /* NavigationSearchBar.swift */,
				A6569A1B24AA226300416514 /* SearchResultView.swift */,
			);
			path = Shared;
			sourceTree = "<group>";
		};
		A62F72D324A27C6400B4586F /* Products */ = {
			isa = PBXGroup;
			children = (
				A62F72D224A27C6400B4586F /* sanntidsappen.app */,
				A62F72DA24A27C6400B4586F /* sanntidsappen.app */,
				A62F72E224A27C6400B4586F /* Tests iOS.xctest */,
				A62F72ED24A27C6400B4586F /* Tests macOS.xctest */,
			);
			name = Products;
			sourceTree = "<group>";
		};
		A62F72D424A27C6400B4586F /* iOS */ = {
			isa = PBXGroup;
			children = (
				A62F72D524A27C6400B4586F /* Info.plist */,
			);
			path = iOS;
			sourceTree = "<group>";
		};
		A62F72DB24A27C6400B4586F /* macOS */ = {
			isa = PBXGroup;
			children = (
				A62F72DC24A27C6400B4586F /* Info.plist */,
				A62F72DD24A27C6400B4586F /* macOS.entitlements */,
			);
			path = macOS;
			sourceTree = "<group>";
		};
		A62F72E524A27C6400B4586F /* Tests iOS */ = {
			isa = PBXGroup;
			children = (
				A62F72E624A27C6400B4586F /* Tests_iOS.swift */,
				A62F72E824A27C6400B4586F /* Info.plist */,
			);
			path = "Tests iOS";
			sourceTree = "<group>";
		};
		A62F72F024A27C6400B4586F /* Tests macOS */ = {
			isa = PBXGroup;
			children = (
				A62F72F124A27C6400B4586F /* Tests_macOS.swift */,
				A62F72F324A27C6400B4586F /* Info.plist */,
			);
			path = "Tests macOS";
			sourceTree = "<group>";
		};
		A62F730B24A2920300B4586F /* Models */ = {
			isa = PBXGroup;
			children = (
				A62F730C24A2921000B4586F /* Departure.swift */,
				A67FAA9C24AB367D0029BB8B /* Journey.swift */,
				A6E2FD2A24ABE86700E2E972 /* Stop.swift */,
				A67FAA9D24AB367D0029BB8B /* StopRegisterData.swift */,
				A6C635A724ACEDB100123464 /* Quay.swift */,
				A6C635AA24ACEDD900123464 /* StopPlaceResponse.swift */,
				A6569A1324AA048A00416514 /* SearchStore.swift */,
				A6569A0924A9E1C200416514 /* CurrentActiveStop.swift */,
			);
			path = Models;
			sourceTree = "<group>";
		};
		A6569A0624A9DDEA00416514 /* Cells */ = {
			isa = PBXGroup;
			children = (
				A62F730F24A2929100B4586F /* DepartureCell.swift */,
				A62F731824A2936A00B4586F /* StopCell.swift */,
				A6569A1024A9FF3700416514 /* SearchResultCell.swift */,
			);
			path = Cells;
			sourceTree = "<group>";
		};
		A6569A0D24A9FC8E00416514 /* Utilities */ = {
			isa = PBXGroup;
			children = (
				A6569A3024AA282800416514 /* Network */,
				A6569A0E24A9FCA100416514 /* View+keyboard.swift */,
				A67FAAB524AB6BEB0029BB8B /* Color+Sanntidsappen.swift */,
			);
			path = Utilities;
			sourceTree = "<group>";
		};
		A6569A3024AA282800416514 /* Network */ = {
			isa = PBXGroup;
			children = (
				A6569A3124AA282800416514 /* EnTurAPI.swift */,
			);
			path = Network;
			sourceTree = "<group>";
		};
/* End PBXGroup section */

/* Begin PBXNativeTarget section */
		A62F72D124A27C6400B4586F /* iOS */ = {
			isa = PBXNativeTarget;
			buildConfigurationList = A62F72FC24A27C6400B4586F /* Build configuration list for PBXNativeTarget "iOS" */;
			buildPhases = (
				A62F72CE24A27C6400B4586F /* Sources */,
				A62F72CF24A27C6400B4586F /* Frameworks */,
				A62F72D024A27C6400B4586F /* Resources */,
			);
			buildRules = (
			);
			dependencies = (
			);
			name = iOS;
			packageProductDependencies = (
				A67FAAAE24AB556A0029BB8B /* HaversineDistance */,
			);
			productName = iOS;
			productReference = A62F72D224A27C6400B4586F /* sanntidsappen.app */;
			productType = "com.apple.product-type.application";
		};
		A62F72D924A27C6400B4586F /* macOS */ = {
			isa = PBXNativeTarget;
			buildConfigurationList = A62F72FF24A27C6400B4586F /* Build configuration list for PBXNativeTarget "macOS" */;
			buildPhases = (
				A62F72D624A27C6400B4586F /* Sources */,
				A62F72D724A27C6400B4586F /* Frameworks */,
				A62F72D824A27C6400B4586F /* Resources */,
			);
			buildRules = (
			);
			dependencies = (
			);
			name = macOS;
			productName = macOS;
			productReference = A62F72DA24A27C6400B4586F /* sanntidsappen.app */;
			productType = "com.apple.product-type.application";
		};
		A62F72E124A27C6400B4586F /* Tests iOS */ = {
			isa = PBXNativeTarget;
			buildConfigurationList = A62F730224A27C6400B4586F /* Build configuration list for PBXNativeTarget "Tests iOS" */;
			buildPhases = (
				A62F72DE24A27C6400B4586F /* Sources */,
				A62F72DF24A27C6400B4586F /* Frameworks */,
				A62F72E024A27C6400B4586F /* Resources */,
			);
			buildRules = (
			);
			dependencies = (
				A62F72E424A27C6400B4586F /* PBXTargetDependency */,
			);
			name = "Tests iOS";
			productName = "Tests iOS";
			productReference = A62F72E224A27C6400B4586F /* Tests iOS.xctest */;
			productType = "com.apple.product-type.bundle.ui-testing";
		};
		A62F72EC24A27C6400B4586F /* Tests macOS */ = {
			isa = PBXNativeTarget;
			buildConfigurationList = A62F730524A27C6400B4586F /* Build configuration list for PBXNativeTarget "Tests macOS" */;
			buildPhases = (
				A62F72E924A27C6400B4586F /* Sources */,
				A62F72EA24A27C6400B4586F /* Frameworks */,
				A62F72EB24A27C6400B4586F /* Resources */,
			);
			buildRules = (
			);
			dependencies = (
				A62F72EF24A27C6400B4586F /* PBXTargetDependency */,
			);
			name = "Tests macOS";
			productName = "Tests macOS";
			productReference = A62F72ED24A27C6400B4586F /* Tests macOS.xctest */;
			productType = "com.apple.product-type.bundle.ui-testing";
		};
/* End PBXNativeTarget section */

/* Begin PBXProject section */
		A62F72C624A27C6300B4586F /* Project object */ = {
			isa = PBXProject;
			attributes = {
				LastSwiftUpdateCheck = 1200;
				LastUpgradeCheck = 1200;
				TargetAttributes = {
					A62F72D124A27C6400B4586F = {
						CreatedOnToolsVersion = 12.0;
					};
					A62F72D924A27C6400B4586F = {
						CreatedOnToolsVersion = 12.0;
					};
					A62F72E124A27C6400B4586F = {
						CreatedOnToolsVersion = 12.0;
						TestTargetID = A62F72D124A27C6400B4586F;
					};
					A62F72EC24A27C6400B4586F = {
						CreatedOnToolsVersion = 12.0;
						TestTargetID = A62F72D924A27C6400B4586F;
					};
				};
			};
			buildConfigurationList = A62F72C924A27C6300B4586F /* Build configuration list for PBXProject "Sanntidsappen" */;
			compatibilityVersion = "Xcode 9.3";
			developmentRegion = en;
			hasScannedForEncodings = 0;
			knownRegions = (
				en,
				Base,
			);
			mainGroup = A62F72C524A27C6300B4586F;
			packageReferences = (
				A67FAAAD24AB556A0029BB8B /* XCRemoteSwiftPackageReference "HaversineDistance" */,
			);
			productRefGroup = A62F72D324A27C6400B4586F /* Products */;
			projectDirPath = "";
			projectRoot = "";
			targets = (
				A62F72D124A27C6400B4586F /* iOS */,
				A62F72D924A27C6400B4586F /* macOS */,
				A62F72E124A27C6400B4586F /* Tests iOS */,
				A62F72EC24A27C6400B4586F /* Tests macOS */,
			);
		};
/* End PBXProject section */

/* Begin PBXResourcesBuildPhase section */
		A62F72D024A27C6400B4586F /* Resources */ = {
			isa = PBXResourcesBuildPhase;
			buildActionMask = 2147483647;
			files = (
				A62F72F824A27C6400B4586F /* Assets.xcassets in Resources */,
				A67FAAB824AB72A00029BB8B /* Colors.xcassets in Resources */,
			);
			runOnlyForDeploymentPostprocessing = 0;
		};
		A62F72D824A27C6400B4586F /* Resources */ = {
			isa = PBXResourcesBuildPhase;
			buildActionMask = 2147483647;
			files = (
				A62F72F924A27C6400B4586F /* Assets.xcassets in Resources */,
			);
			runOnlyForDeploymentPostprocessing = 0;
		};
		A62F72E024A27C6400B4586F /* Resources */ = {
			isa = PBXResourcesBuildPhase;
			buildActionMask = 2147483647;
			files = (
			);
			runOnlyForDeploymentPostprocessing = 0;
		};
		A62F72EB24A27C6400B4586F /* Resources */ = {
			isa = PBXResourcesBuildPhase;
			buildActionMask = 2147483647;
			files = (
			);
			runOnlyForDeploymentPostprocessing = 0;
		};
/* End PBXResourcesBuildPhase section */

/* Begin PBXSourcesBuildPhase section */
		A62F72CE24A27C6400B4586F /* Sources */ = {
			isa = PBXSourcesBuildPhase;
			buildActionMask = 2147483647;
			files = (
				A62F72F624A27C6400B4586F /* MainView.swift in Sources */,
				A6569A1C24AA226300416514 /* SearchResultView.swift in Sources */,
				A62F730924A27E9B00B4586F /* DepartureView.swift in Sources */,
				A62F730D24A2921000B4586F /* Departure.swift in Sources */,
				A62F731024A2929100B4586F /* DepartureCell.swift in Sources */,
				A67FAAA024AB367D0029BB8B /* Journey.swift in Sources */,
				A67FAAB624AB6BEB0029BB8B /* Color+Sanntidsappen.swift in Sources */,
				A6569A3224AA282800416514 /* EnTurAPI.swift in Sources */,
				A6C635AB24ACEDD900123464 /* StopPlaceResponse.swift in Sources */,
				A62F72F424A27C6400B4586F /* sanntidsappenApp.swift in Sources */,
				A62F731924A2936A00B4586F /* StopCell.swift in Sources */,
				A6569A0F24A9FCA100416514 /* View+keyboard.swift in Sources */,
				A6569A0C24A9FAEC00416514 /* NavigationSearchBar.swift in Sources */,
				A6569A1424AA048A00416514 /* SearchStore.swift in Sources */,
				A6569A1124A9FF3700416514 /* SearchResultCell.swift in Sources */,
				A6E2FD2B24ABE86700E2E972 /* Stop.swift in Sources */,
				A6C635A824ACEDB100123464 /* Quay.swift in Sources */,
				A6569A1A24AA216200416514 /* MainViewContent.swift in Sources */,
				A67FAAA224AB367D0029BB8B /* StopRegisterData.swift in Sources */,
				A6569A0A24A9E1C200416514 /* CurrentActiveStop.swift in Sources */,
			);
			runOnlyForDeploymentPostprocessing = 0;
		};
		A62F72D624A27C6400B4586F /* Sources */ = {
			isa = PBXSourcesBuildPhase;
			buildActionMask = 2147483647;
			files = (
				A6C635A924ACEDB100123464 /* Quay.swift in Sources */,
				A6569A1524AA048A00416514 /* SearchStore.swift in Sources */,
				A62F72F724A27C6400B4586F /* MainView.swift in Sources */,
				A62F730A24A27E9B00B4586F /* DepartureView.swift in Sources */,
				A62F730E24A2921000B4586F /* Departure.swift in Sources */,
				A6C635AC24ACEDD900123464 /* StopPlaceResponse.swift in Sources */,
				A67FAAA124AB367D0029BB8B /* Journey.swift in Sources */,
				A67FAAA324AB367D0029BB8B /* StopRegisterData.swift in Sources */,
				A6E2FD2C24ABE86700E2E972 /* Stop.swift in Sources */,
				A62F731124A2929100B4586F /* DepartureCell.swift in Sources */,
				A62F72F524A27C6400B4586F /* sanntidsappenApp.swift in Sources */,
				A62F731A24A2936A00B4586F /* StopCell.swift in Sources */,
				A6569A1224A9FF3700416514 /* SearchResultCell.swift in Sources */,
			);
			runOnlyForDeploymentPostprocessing = 0;
		};
		A62F72DE24A27C6400B4586F /* Sources */ = {
			isa = PBXSourcesBuildPhase;
			buildActionMask = 2147483647;
			files = (
				A62F72E724A27C6400B4586F /* Tests_iOS.swift in Sources */,
			);
			runOnlyForDeploymentPostprocessing = 0;
		};
		A62F72E924A27C6400B4586F /* Sources */ = {
			isa = PBXSourcesBuildPhase;
			buildActionMask = 2147483647;
			files = (
				A62F72F224A27C6400B4586F /* Tests_macOS.swift in Sources */,
			);
			runOnlyForDeploymentPostprocessing = 0;
		};
/* End PBXSourcesBuildPhase section */

/* Begin PBXTargetDependency section */
		A62F72E424A27C6400B4586F /* PBXTargetDependency */ = {
			isa = PBXTargetDependency;
			target = A62F72D124A27C6400B4586F /* iOS */;
			targetProxy = A62F72E324A27C6400B4586F /* PBXContainerItemProxy */;
		};
		A62F72EF24A27C6400B4586F /* PBXTargetDependency */ = {
			isa = PBXTargetDependency;
			target = A62F72D924A27C6400B4586F /* macOS */;
			targetProxy = A62F72EE24A27C6400B4586F /* PBXContainerItemProxy */;
		};
/* End PBXTargetDependency section */

/* Begin XCBuildConfiguration section */
		A62F72FA24A27C6400B4586F /* Debug */ = {
			isa = XCBuildConfiguration;
			buildSettings = {
				ALWAYS_SEARCH_USER_PATHS = NO;
				CLANG_ANALYZER_NONNULL = YES;
				CLANG_ANALYZER_NUMBER_OBJECT_CONVERSION = YES_AGGRESSIVE;
				CLANG_CXX_LANGUAGE_STANDARD = "gnu++14";
				CLANG_CXX_LIBRARY = "libc++";
				CLANG_ENABLE_MODULES = YES;
				CLANG_ENABLE_OBJC_ARC = YES;
				CLANG_ENABLE_OBJC_WEAK = YES;
				CLANG_WARN_BLOCK_CAPTURE_AUTORELEASING = YES;
				CLANG_WARN_BOOL_CONVERSION = YES;
				CLANG_WARN_COMMA = YES;
				CLANG_WARN_CONSTANT_CONVERSION = YES;
				CLANG_WARN_DEPRECATED_OBJC_IMPLEMENTATIONS = YES;
				CLANG_WARN_DIRECT_OBJC_ISA_USAGE = YES_ERROR;
				CLANG_WARN_DOCUMENTATION_COMMENTS = YES;
				CLANG_WARN_EMPTY_BODY = YES;
				CLANG_WARN_ENUM_CONVERSION = YES;
				CLANG_WARN_INFINITE_RECURSION = YES;
				CLANG_WARN_INT_CONVERSION = YES;
				CLANG_WARN_NON_LITERAL_NULL_CONVERSION = YES;
				CLANG_WARN_OBJC_IMPLICIT_RETAIN_SELF = YES;
				CLANG_WARN_OBJC_LITERAL_CONVERSION = YES;
				CLANG_WARN_OBJC_ROOT_CLASS = YES_ERROR;
				CLANG_WARN_QUOTED_INCLUDE_IN_FRAMEWORK_HEADER = YES;
				CLANG_WARN_RANGE_LOOP_ANALYSIS = YES;
				CLANG_WARN_STRICT_PROTOTYPES = YES;
				CLANG_WARN_SUSPICIOUS_MOVE = YES;
				CLANG_WARN_UNGUARDED_AVAILABILITY = YES_AGGRESSIVE;
				CLANG_WARN_UNREACHABLE_CODE = YES;
				CLANG_WARN__DUPLICATE_METHOD_MATCH = YES;
				COPY_PHASE_STRIP = NO;
				DEBUG_INFORMATION_FORMAT = dwarf;
				ENABLE_STRICT_OBJC_MSGSEND = YES;
				ENABLE_TESTABILITY = YES;
				GCC_C_LANGUAGE_STANDARD = gnu11;
				GCC_DYNAMIC_NO_PIC = NO;
				GCC_NO_COMMON_BLOCKS = YES;
				GCC_OPTIMIZATION_LEVEL = 0;
				GCC_PREPROCESSOR_DEFINITIONS = (
					"DEBUG=1",
					"$(inherited)",
				);
				GCC_WARN_64_TO_32_BIT_CONVERSION = YES;
				GCC_WARN_ABOUT_RETURN_TYPE = YES_ERROR;
				GCC_WARN_UNDECLARED_SELECTOR = YES;
				GCC_WARN_UNINITIALIZED_AUTOS = YES_AGGRESSIVE;
				GCC_WARN_UNUSED_FUNCTION = YES;
				GCC_WARN_UNUSED_VARIABLE = YES;
				MTL_ENABLE_DEBUG_INFO = INCLUDE_SOURCE;
				MTL_FAST_MATH = YES;
				ONLY_ACTIVE_ARCH = YES;
				SWIFT_ACTIVE_COMPILATION_CONDITIONS = DEBUG;
				SWIFT_OPTIMIZATION_LEVEL = "-Onone";
			};
			name = Debug;
		};
		A62F72FB24A27C6400B4586F /* Release */ = {
			isa = XCBuildConfiguration;
			buildSettings = {
				ALWAYS_SEARCH_USER_PATHS = NO;
				CLANG_ANALYZER_NONNULL = YES;
				CLANG_ANALYZER_NUMBER_OBJECT_CONVERSION = YES_AGGRESSIVE;
				CLANG_CXX_LANGUAGE_STANDARD = "gnu++14";
				CLANG_CXX_LIBRARY = "libc++";
				CLANG_ENABLE_MODULES = YES;
				CLANG_ENABLE_OBJC_ARC = YES;
				CLANG_ENABLE_OBJC_WEAK = YES;
				CLANG_WARN_BLOCK_CAPTURE_AUTORELEASING = YES;
				CLANG_WARN_BOOL_CONVERSION = YES;
				CLANG_WARN_COMMA = YES;
				CLANG_WARN_CONSTANT_CONVERSION = YES;
				CLANG_WARN_DEPRECATED_OBJC_IMPLEMENTATIONS = YES;
				CLANG_WARN_DIRECT_OBJC_ISA_USAGE = YES_ERROR;
				CLANG_WARN_DOCUMENTATION_COMMENTS = YES;
				CLANG_WARN_EMPTY_BODY = YES;
				CLANG_WARN_ENUM_CONVERSION = YES;
				CLANG_WARN_INFINITE_RECURSION = YES;
				CLANG_WARN_INT_CONVERSION = YES;
				CLANG_WARN_NON_LITERAL_NULL_CONVERSION = YES;
				CLANG_WARN_OBJC_IMPLICIT_RETAIN_SELF = YES;
				CLANG_WARN_OBJC_LITERAL_CONVERSION = YES;
				CLANG_WARN_OBJC_ROOT_CLASS = YES_ERROR;
				CLANG_WARN_QUOTED_INCLUDE_IN_FRAMEWORK_HEADER = YES;
				CLANG_WARN_RANGE_LOOP_ANALYSIS = YES;
				CLANG_WARN_STRICT_PROTOTYPES = YES;
				CLANG_WARN_SUSPICIOUS_MOVE = YES;
				CLANG_WARN_UNGUARDED_AVAILABILITY = YES_AGGRESSIVE;
				CLANG_WARN_UNREACHABLE_CODE = YES;
				CLANG_WARN__DUPLICATE_METHOD_MATCH = YES;
				COPY_PHASE_STRIP = NO;
				DEBUG_INFORMATION_FORMAT = "dwarf-with-dsym";
				ENABLE_NS_ASSERTIONS = NO;
				ENABLE_STRICT_OBJC_MSGSEND = YES;
				GCC_C_LANGUAGE_STANDARD = gnu11;
				GCC_NO_COMMON_BLOCKS = YES;
				GCC_WARN_64_TO_32_BIT_CONVERSION = YES;
				GCC_WARN_ABOUT_RETURN_TYPE = YES_ERROR;
				GCC_WARN_UNDECLARED_SELECTOR = YES;
				GCC_WARN_UNINITIALIZED_AUTOS = YES_AGGRESSIVE;
				GCC_WARN_UNUSED_FUNCTION = YES;
				GCC_WARN_UNUSED_VARIABLE = YES;
				MTL_ENABLE_DEBUG_INFO = NO;
				MTL_FAST_MATH = YES;
				SWIFT_COMPILATION_MODE = wholemodule;
				SWIFT_OPTIMIZATION_LEVEL = "-O";
			};
			name = Release;
		};
		A62F72FD24A27C6400B4586F /* Debug */ = {
			isa = XCBuildConfiguration;
			buildSettings = {
				API_ENTUR_GEOCODER = "https://api.entur.io/geocoder/v1/";
				API_ENTUR_JOURNEYPLANNER = "https://api.entur.io/journey-planner/v2/graphql";
				API_ENTUR_STOPREGISTER = "https://api.entur.io/stop-places/v1/graphql";
				ASSETCATALOG_COMPILER_APPICON_NAME = AppIcon;
				ASSETCATALOG_COMPILER_GLOBAL_ACCENT_COLOR_NAME = AccentColor;
				CODE_SIGN_STYLE = Automatic;
				DEVELOPMENT_TEAM = TTPD58N2KH;
				ENABLE_PREVIEWS = YES;
				INFOPLIST_FILE = iOS/Info.plist;
				IPHONEOS_DEPLOYMENT_TARGET = 14.0;
				LD_RUNPATH_SEARCH_PATHS = (
					"$(inherited)",
					"@executable_path/Frameworks",
				);
				MARKETING_VERSION = 3.0;
				PRODUCT_BUNDLE_IDENTIFIER = io.tmn.sanntidsappen;
				PRODUCT_NAME = sanntidsappen;
				SDKROOT = iphoneos;
				SWIFT_VERSION = 5.0;
				TARGETED_DEVICE_FAMILY = "1,2";
			};
			name = Debug;
		};
		A62F72FE24A27C6400B4586F /* Release */ = {
			isa = XCBuildConfiguration;
			buildSettings = {
				API_ENTUR_GEOCODER = "https://api.entur.io/geocoder/v1/";
				API_ENTUR_JOURNEYPLANNER = "https://api.entur.io/journey-planner/v2/graphql";
				API_ENTUR_STOPREGISTER = "https://api.entur.io/stop-places/v1/graphql";
				ASSETCATALOG_COMPILER_APPICON_NAME = AppIcon;
				ASSETCATALOG_COMPILER_GLOBAL_ACCENT_COLOR_NAME = AccentColor;
				CODE_SIGN_STYLE = Automatic;
				DEVELOPMENT_TEAM = TTPD58N2KH;
				ENABLE_PREVIEWS = YES;
				INFOPLIST_FILE = iOS/Info.plist;
				IPHONEOS_DEPLOYMENT_TARGET = 14.0;
				LD_RUNPATH_SEARCH_PATHS = (
					"$(inherited)",
					"@executable_path/Frameworks",
				);
				MARKETING_VERSION = 3.0;
				PRODUCT_BUNDLE_IDENTIFIER = io.tmn.sanntidsappen;
				PRODUCT_NAME = sanntidsappen;
				SDKROOT = iphoneos;
				SWIFT_VERSION = 5.0;
				TARGETED_DEVICE_FAMILY = "1,2";
				VALIDATE_PRODUCT = YES;
			};
			name = Release;
		};
		A62F730024A27C6400B4586F /* Debug */ = {
			isa = XCBuildConfiguration;
			buildSettings = {
				ASSETCATALOG_COMPILER_APPICON_NAME = AppIcon;
				ASSETCATALOG_COMPILER_GLOBAL_ACCENT_COLOR_NAME = AccentColor;
				CODE_SIGN_ENTITLEMENTS = macOS/macOS.entitlements;
				CODE_SIGN_STYLE = Automatic;
				COMBINE_HIDPI_IMAGES = YES;
				DEVELOPMENT_TEAM = TTPD58N2KH;
				ENABLE_HARDENED_RUNTIME = YES;
				ENABLE_PREVIEWS = YES;
				INFOPLIST_FILE = macOS/Info.plist;
				LD_RUNPATH_SEARCH_PATHS = (
					"$(inherited)",
					"@executable_path/../Frameworks",
				);
				MACOSX_DEPLOYMENT_TARGET = 10.16;
				MARKETING_VERSION = 3.0;
				PRODUCT_BUNDLE_IDENTIFIER = io.tmn.sanntidsappen;
				PRODUCT_NAME = sanntidsappen;
				SDKROOT = macosx;
				SWIFT_VERSION = 5.0;
			};
			name = Debug;
		};
		A62F730124A27C6400B4586F /* Release */ = {
			isa = XCBuildConfiguration;
			buildSettings = {
				ASSETCATALOG_COMPILER_APPICON_NAME = AppIcon;
				ASSETCATALOG_COMPILER_GLOBAL_ACCENT_COLOR_NAME = AccentColor;
				CODE_SIGN_ENTITLEMENTS = macOS/macOS.entitlements;
				CODE_SIGN_STYLE = Automatic;
				COMBINE_HIDPI_IMAGES = YES;
				DEVELOPMENT_TEAM = TTPD58N2KH;
				ENABLE_HARDENED_RUNTIME = YES;
				ENABLE_PREVIEWS = YES;
				INFOPLIST_FILE = macOS/Info.plist;
				LD_RUNPATH_SEARCH_PATHS = (
					"$(inherited)",
					"@executable_path/../Frameworks",
				);
				MACOSX_DEPLOYMENT_TARGET = 10.16;
				MARKETING_VERSION = 3.0;
				PRODUCT_BUNDLE_IDENTIFIER = io.tmn.sanntidsappen;
				PRODUCT_NAME = sanntidsappen;
				SDKROOT = macosx;
				SWIFT_VERSION = 5.0;
			};
			name = Release;
		};
		A62F730324A27C6400B4586F /* Debug */ = {
			isa = XCBuildConfiguration;
			buildSettings = {
				ALWAYS_EMBED_SWIFT_STANDARD_LIBRARIES = YES;
				CODE_SIGN_STYLE = Automatic;
				DEVELOPMENT_TEAM = TTPD58N2KH;
				INFOPLIST_FILE = "Tests iOS/Info.plist";
				IPHONEOS_DEPLOYMENT_TARGET = 14.0;
				LD_RUNPATH_SEARCH_PATHS = (
					"$(inherited)",
					"@executable_path/Frameworks",
					"@loader_path/Frameworks",
				);
				PRODUCT_BUNDLE_IDENTIFIER = "io.tmn.Tests-iOS";
				PRODUCT_NAME = "$(TARGET_NAME)";
				SDKROOT = iphoneos;
				SWIFT_VERSION = 5.0;
				TARGETED_DEVICE_FAMILY = "1,2";
				TEST_TARGET_NAME = iOS;
			};
			name = Debug;
		};
		A62F730424A27C6400B4586F /* Release */ = {
			isa = XCBuildConfiguration;
			buildSettings = {
				ALWAYS_EMBED_SWIFT_STANDARD_LIBRARIES = YES;
				CODE_SIGN_STYLE = Automatic;
				DEVELOPMENT_TEAM = TTPD58N2KH;
				INFOPLIST_FILE = "Tests iOS/Info.plist";
				IPHONEOS_DEPLOYMENT_TARGET = 14.0;
				LD_RUNPATH_SEARCH_PATHS = (
					"$(inherited)",
					"@executable_path/Frameworks",
					"@loader_path/Frameworks",
				);
				PRODUCT_BUNDLE_IDENTIFIER = "io.tmn.Tests-iOS";
				PRODUCT_NAME = "$(TARGET_NAME)";
				SDKROOT = iphoneos;
				SWIFT_VERSION = 5.0;
				TARGETED_DEVICE_FAMILY = "1,2";
				TEST_TARGET_NAME = iOS;
				VALIDATE_PRODUCT = YES;
			};
			name = Release;
		};
		A62F730624A27C6400B4586F /* Debug */ = {
			isa = XCBuildConfiguration;
			buildSettings = {
				ALWAYS_EMBED_SWIFT_STANDARD_LIBRARIES = YES;
				CODE_SIGN_STYLE = Automatic;
				COMBINE_HIDPI_IMAGES = YES;
				DEVELOPMENT_TEAM = TTPD58N2KH;
				INFOPLIST_FILE = "Tests macOS/Info.plist";
				LD_RUNPATH_SEARCH_PATHS = (
					"$(inherited)",
					"@executable_path/../Frameworks",
					"@loader_path/../Frameworks",
				);
				MACOSX_DEPLOYMENT_TARGET = 10.16;
				PRODUCT_BUNDLE_IDENTIFIER = "io.tmn.Tests-macOS";
				PRODUCT_NAME = "$(TARGET_NAME)";
				SDKROOT = macosx;
				SWIFT_VERSION = 5.0;
				TEST_TARGET_NAME = macOS;
			};
			name = Debug;
		};
		A62F730724A27C6400B4586F /* Release */ = {
			isa = XCBuildConfiguration;
			buildSettings = {
				ALWAYS_EMBED_SWIFT_STANDARD_LIBRARIES = YES;
				CODE_SIGN_STYLE = Automatic;
				COMBINE_HIDPI_IMAGES = YES;
				DEVELOPMENT_TEAM = TTPD58N2KH;
				INFOPLIST_FILE = "Tests macOS/Info.plist";
				LD_RUNPATH_SEARCH_PATHS = (
					"$(inherited)",
					"@executable_path/../Frameworks",
					"@loader_path/../Frameworks",
				);
				MACOSX_DEPLOYMENT_TARGET = 10.16;
				PRODUCT_BUNDLE_IDENTIFIER = "io.tmn.Tests-macOS";
				PRODUCT_NAME = "$(TARGET_NAME)";
				SDKROOT = macosx;
				SWIFT_VERSION = 5.0;
				TEST_TARGET_NAME = macOS;
			};
			name = Release;
		};
/* End XCBuildConfiguration section */

/* Begin XCConfigurationList section */
		A62F72C924A27C6300B4586F /* Build configuration list for PBXProject "Sanntidsappen" */ = {
			isa = XCConfigurationList;
			buildConfigurations = (
				A62F72FA24A27C6400B4586F /* Debug */,
				A62F72FB24A27C6400B4586F /* Release */,
			);
			defaultConfigurationIsVisible = 0;
			defaultConfigurationName = Release;
		};
		A62F72FC24A27C6400B4586F /* Build configuration list for PBXNativeTarget "iOS" */ = {
			isa = XCConfigurationList;
			buildConfigurations = (
				A62F72FD24A27C6400B4586F /* Debug */,
				A62F72FE24A27C6400B4586F /* Release */,
			);
			defaultConfigurationIsVisible = 0;
			defaultConfigurationName = Release;
		};
		A62F72FF24A27C6400B4586F /* Build configuration list for PBXNativeTarget "macOS" */ = {
			isa = XCConfigurationList;
			buildConfigurations = (
				A62F730024A27C6400B4586F /* Debug */,
				A62F730124A27C6400B4586F /* Release */,
			);
			defaultConfigurationIsVisible = 0;
			defaultConfigurationName = Release;
		};
		A62F730224A27C6400B4586F /* Build configuration list for PBXNativeTarget "Tests iOS" */ = {
			isa = XCConfigurationList;
			buildConfigurations = (
				A62F730324A27C6400B4586F /* Debug */,
				A62F730424A27C6400B4586F /* Release */,
			);
			defaultConfigurationIsVisible = 0;
			defaultConfigurationName = Release;
		};
		A62F730524A27C6400B4586F /* Build configuration list for PBXNativeTarget "Tests macOS" */ = {
			isa = XCConfigurationList;
			buildConfigurations = (
				A62F730624A27C6400B4586F /* Debug */,
				A62F730724A27C6400B4586F /* Release */,
			);
			defaultConfigurationIsVisible = 0;
			defaultConfigurationName = Release;
		};
/* End XCConfigurationList section */

/* Begin XCRemoteSwiftPackageReference section */
		A67FAAAD24AB556A0029BB8B /* XCRemoteSwiftPackageReference "HaversineDistance" */ = {
			isa = XCRemoteSwiftPackageReference;
			repositoryURL = "https://github.com/tmn/HaversineDistance";
			requirement = {
				kind = upToNextMajorVersion;
				minimumVersion = 1.0.0;
			};
		};
/* End XCRemoteSwiftPackageReference section */

/* Begin XCSwiftPackageProductDependency section */
		A67FAAAE24AB556A0029BB8B /* HaversineDistance */ = {
			isa = XCSwiftPackageProductDependency;
			package = A67FAAAD24AB556A0029BB8B /* XCRemoteSwiftPackageReference "HaversineDistance" */;
			productName = HaversineDistance;
		};
/* End XCSwiftPackageProductDependency section */
	};
	rootObject = A62F72C624A27C6300B4586F /* Project object */;
}
