{
  "object": {
    "pins": [
      {
        "package": "HaversineDistance",
        "repositoryURL": "https://github.com/tmn/HaversineDistance",
        "state": {
          "branch": null,
          "revision": "814d7ab1cdd13b1d8c2d104bf41dfcf16e18a42a",
          "version": "1.0.0"
        }
      }
    ]
  },
  "version": 1
}
